
Microsoft Visual Studio Solution File, Format Version 12.00
# Visual Studio Version 16
VisualStudioVersion = 16.0.29519.87
MinimumVisualStudioVersion = 10.0.40219.1
Project("{2150E333-8FDC-42A3-9474-1A3956D46DE8}") = "tests", "tests", "{0F19AA95-965B-4B25-B237-2E7F64202BBD}"
EndProject
Project("{FAE04EC0-301F-11D3-BF4B-00C04F79EFBC}") = "RabbitMQChatClient.Tests", "tests\RabbitMQChatClient.Tests\RabbitMQChatClient.Tests.csproj", "{21E306F8-80F1-4EC3-A2BE-1B9C3783DBF3}"
EndProject
Global
	GlobalSection(SolutionConfigurationPlatforms) = preSolution
		Debug|Any CPU = Debug|Any CPU
		Release|Any CPU = Release|Any CPU
	EndGlobalSection
	GlobalSection(ProjectConfigurationPlatforms) = postSolution
		{21E306F8-80F1-4EC3-A2BE-1B9C3783DBF3}.Debug|Any CPU.ActiveCfg = Debug|Any CPU
		{21E306F8-80F1-4EC3-A2BE-1B9C3783DBF3}.Debug|Any CPU.Build.0 = Debug|Any CPU
		{21E306F8-80F1-4EC3-A2BE-1B9C3783DBF3}.Release|Any CPU.ActiveCfg = Release|Any CPU
		{21E306F8-80F1-4EC3-A2BE-1B9C3783DBF3}.Release|Any CPU.Build.0 = Release|Any CPU
	EndGlobalSection
	GlobalSection(SolutionProperties) = preSolution
		HideSolutionNode = FALSE
	EndGlobalSection
	GlobalSection(NestedProjects) = preSolution
		{21E306F8-80F1-4EC3-A2BE-1B9C3783DBF3} = {0F19AA95-965B-4B25-B237-2E7F64202BBD}
	EndGlobalSection
	GlobalSection(ExtensibilityGlobals) = postSolution
		SolutionGuid = {E58F665E-C25E-4F53-ABE1-A3099BF9E994}
	EndGlobalSection
EndGlobal
